
Microsoft Visual Studio Solution File, Format Version 12.00
# Visual Studio Version 17
VisualStudioVersion = 17.8.34601.278
MinimumVisualStudioVersion = 10.0.40219.1
Project("{FAE04EC0-301F-11D3-BF4B-00C04F79EFBC}") = "mvctraing", "mvctraing\mvctraing.csproj", "{407D5B1B-23F4-43F4-81A3-05A8350AB484}"
EndProject
Global
	GlobalSection(SolutionConfigurationPlatforms) = preSolution
		Debug|Any CPU = Debug|Any CPU
		Release|Any CPU = Release|Any CPU
	EndGlobalSection
	GlobalSection(ProjectConfigurationPlatforms) = postSolution
		{407D5B1B-23F4-43F4-81A3-05A8350AB484}.Debug|Any CPU.ActiveCfg = Debug|Any CPU
		{407D5B1B-23F4-43F4-81A3-05A8350AB484}.Debug|Any CPU.Build.0 = Debug|Any CPU
		{407D5B1B-23F4-43F4-81A3-05A8350AB484}.Release|Any CPU.ActiveCfg = Release|Any CPU
		{407D5B1B-23F4-43F4-81A3-05A8350AB484}.Release|Any CPU.Build.0 = Release|Any CPU
	EndGlobalSection
	GlobalSection(SolutionProperties) = preSolution
		HideSolutionNode = FALSE
	EndGlobalSection
	GlobalSection(ExtensibilityGlobals) = postSolution
		SolutionGuid = {5ECF7CAA-C5BB-474A-AAB9-301C045B9F97}
	EndGlobalSection
EndGlobal
